
Microsoft Visual Studio Solution File, Format Version 12.00
# Visual Studio 2013
VisualStudioVersion = 12.0.21005.1
MinimumVisualStudioVersion = 10.0.40219.1
Project("{FAE04EC0-301F-11D3-BF4B-00C04F79EFBC}") = "PubCleaner.App", "PubCleaner\PubCleaner.App.csproj", "{49B49ED6-BE2B-4649-8BF7-D7375FFD3622}"
EndProject
Project("{FAE04EC0-301F-11D3-BF4B-00C04F79EFBC}") = "PubCleaner.Lib", "PubCleaner.Lib\PubCleaner.Lib.csproj", "{03638FA4-86B7-4C7E-B2F5-B5BF6604613A}"
EndProject
Project("{FAE04EC0-301F-11D3-BF4B-00C04F79EFBC}") = "PubCleaner.Lib.Tests.Unit", "PubCleaner.Lib.Tests.Unit\PubCleaner.Lib.Tests.Unit.csproj", "{4BFEF3CD-091D-4C7C-8DC3-41276163C70D}"
EndProject
Project("{FAE04EC0-301F-11D3-BF4B-00C04F79EFBC}") = "PubCleaner.Lib.Tests.Integration", "PubCleaner.Lib.Tests.Integration\PubCleaner.Lib.Tests.Integration.csproj", "{8BF0AF77-33DF-47E0-8411-1E25A8E6A0F4}"
EndProject
Project("{FAE04EC0-301F-11D3-BF4B-00C04F79EFBC}") = "PubCleaner.App.Tests.Unit", "PubCleaner.App.Tests.Unit\PubCleaner.App.Tests.Unit.csproj", "{74697DDC-69A3-4FFE-A8D8-026707B504DF}"
EndProject
Project("{FAE04EC0-301F-11D3-BF4B-00C04F79EFBC}") = "PubCleaner.TestsCommon", "PubCleaner.TestsCommon\PubCleaner.TestsCommon.csproj", "{ED6763A5-0C21-43D4-9D26-3512F7271672}"
EndProject
Project("{2150E333-8FDC-42A3-9474-1A3956D46DE8}") = "tests", "tests", "{97B1D22E-A9C5-4C26-8CD8-E4D04FD5AAC6}"
EndProject
Global
	GlobalSection(SolutionConfigurationPlatforms) = preSolution
		Debug|Any CPU = Debug|Any CPU
		Release|Any CPU = Release|Any CPU
	EndGlobalSection
	GlobalSection(ProjectConfigurationPlatforms) = postSolution
		{49B49ED6-BE2B-4649-8BF7-D7375FFD3622}.Debug|Any CPU.ActiveCfg = Debug|Any CPU
		{49B49ED6-BE2B-4649-8BF7-D7375FFD3622}.Debug|Any CPU.Build.0 = Debug|Any CPU
		{49B49ED6-BE2B-4649-8BF7-D7375FFD3622}.Release|Any CPU.ActiveCfg = Release|Any CPU
		{49B49ED6-BE2B-4649-8BF7-D7375FFD3622}.Release|Any CPU.Build.0 = Release|Any CPU
		{03638FA4-86B7-4C7E-B2F5-B5BF6604613A}.Debug|Any CPU.ActiveCfg = Debug|Any CPU
		{03638FA4-86B7-4C7E-B2F5-B5BF6604613A}.Debug|Any CPU.Build.0 = Debug|Any CPU
		{03638FA4-86B7-4C7E-B2F5-B5BF6604613A}.Release|Any CPU.ActiveCfg = Release|Any CPU
		{03638FA4-86B7-4C7E-B2F5-B5BF6604613A}.Release|Any CPU.Build.0 = Release|Any CPU
		{4BFEF3CD-091D-4C7C-8DC3-41276163C70D}.Debug|Any CPU.ActiveCfg = Debug|Any CPU
		{4BFEF3CD-091D-4C7C-8DC3-41276163C70D}.Debug|Any CPU.Build.0 = Debug|Any CPU
		{4BFEF3CD-091D-4C7C-8DC3-41276163C70D}.Release|Any CPU.ActiveCfg = Release|Any CPU
		{4BFEF3CD-091D-4C7C-8DC3-41276163C70D}.Release|Any CPU.Build.0 = Release|Any CPU
		{8BF0AF77-33DF-47E0-8411-1E25A8E6A0F4}.Debug|Any CPU.ActiveCfg = Debug|Any CPU
		{8BF0AF77-33DF-47E0-8411-1E25A8E6A0F4}.Debug|Any CPU.Build.0 = Debug|Any CPU
		{8BF0AF77-33DF-47E0-8411-1E25A8E6A0F4}.Release|Any CPU.ActiveCfg = Release|Any CPU
		{8BF0AF77-33DF-47E0-8411-1E25A8E6A0F4}.Release|Any CPU.Build.0 = Release|Any CPU
		{74697DDC-69A3-4FFE-A8D8-026707B504DF}.Debug|Any CPU.ActiveCfg = Debug|Any CPU
		{74697DDC-69A3-4FFE-A8D8-026707B504DF}.Debug|Any CPU.Build.0 = Debug|Any CPU
		{74697DDC-69A3-4FFE-A8D8-026707B504DF}.Release|Any CPU.ActiveCfg = Release|Any CPU
		{74697DDC-69A3-4FFE-A8D8-026707B504DF}.Release|Any CPU.Build.0 = Release|Any CPU
		{ED6763A5-0C21-43D4-9D26-3512F7271672}.Debug|Any CPU.ActiveCfg = Debug|Any CPU
		{ED6763A5-0C21-43D4-9D26-3512F7271672}.Debug|Any CPU.Build.0 = Debug|Any CPU
		{ED6763A5-0C21-43D4-9D26-3512F7271672}.Release|Any CPU.ActiveCfg = Release|Any CPU
		{ED6763A5-0C21-43D4-9D26-3512F7271672}.Release|Any CPU.Build.0 = Release|Any CPU
	EndGlobalSection
	GlobalSection(SolutionProperties) = preSolution
		HideSolutionNode = FALSE
	EndGlobalSection
	GlobalSection(NestedProjects) = preSolution
		{8BF0AF77-33DF-47E0-8411-1E25A8E6A0F4} = {97B1D22E-A9C5-4C26-8CD8-E4D04FD5AAC6}
		{4BFEF3CD-091D-4C7C-8DC3-41276163C70D} = {97B1D22E-A9C5-4C26-8CD8-E4D04FD5AAC6}
		{ED6763A5-0C21-43D4-9D26-3512F7271672} = {97B1D22E-A9C5-4C26-8CD8-E4D04FD5AAC6}
		{74697DDC-69A3-4FFE-A8D8-026707B504DF} = {97B1D22E-A9C5-4C26-8CD8-E4D04FD5AAC6}
	EndGlobalSection
EndGlobal
